
Microsoft Visual Studio Solution File, Format Version 12.00
# Visual Studio 15
VisualStudioVersion = 15.0.26124.0
MinimumVisualStudioVersion = 15.0.26124.0
Project("{9A19103F-16F7-4668-BE54-9A1E7A4F7556}") = "Monads", "Monads\Monads.csproj", "{81A6CEE9-6F7D-4EE2-A4A9-7654B82F3AFD}"
EndProject
Project("{9A19103F-16F7-4668-BE54-9A1E7A4F7556}") = "Monads.Tests", "Monads.Tests\Monads.Tests.csproj", "{9A30BE51-4F89-4D4E-A0A1-A1549BA4707C}"
EndProject
Project("{9A19103F-16F7-4668-BE54-9A1E7A4F7556}") = "Example.ConsoleApp", "Example.ConsoleApp\Example.ConsoleApp.csproj", "{5B7357F1-F3DB-4B7E-ADE8-1D4CCA09373D}"
EndProject
Global
	GlobalSection(SolutionConfigurationPlatforms) = preSolution
		Debug|Any CPU = Debug|Any CPU
		Debug|x64 = Debug|x64
		Debug|x86 = Debug|x86
		Release|Any CPU = Release|Any CPU
		Release|x64 = Release|x64
		Release|x86 = Release|x86
	EndGlobalSection
	GlobalSection(ProjectConfigurationPlatforms) = postSolution
		{81A6CEE9-6F7D-4EE2-A4A9-7654B82F3AFD}.Debug|Any CPU.ActiveCfg = Debug|Any CPU
		{81A6CEE9-6F7D-4EE2-A4A9-7654B82F3AFD}.Debug|Any CPU.Build.0 = Debug|Any CPU
		{81A6CEE9-6F7D-4EE2-A4A9-7654B82F3AFD}.Debug|x64.ActiveCfg = Debug|Any CPU
		{81A6CEE9-6F7D-4EE2-A4A9-7654B82F3AFD}.Debug|x64.Build.0 = Debug|Any CPU
		{81A6CEE9-6F7D-4EE2-A4A9-7654B82F3AFD}.Debug|x86.ActiveCfg = Debug|Any CPU
		{81A6CEE9-6F7D-4EE2-A4A9-7654B82F3AFD}.Debug|x86.Build.0 = Debug|Any CPU
		{81A6CEE9-6F7D-4EE2-A4A9-7654B82F3AFD}.Release|Any CPU.ActiveCfg = Release|Any CPU
		{81A6CEE9-6F7D-4EE2-A4A9-7654B82F3AFD}.Release|Any CPU.Build.0 = Release|Any CPU
		{81A6CEE9-6F7D-4EE2-A4A9-7654B82F3AFD}.Release|x64.ActiveCfg = Release|Any CPU
		{81A6CEE9-6F7D-4EE2-A4A9-7654B82F3AFD}.Release|x64.Build.0 = Release|Any CPU
		{81A6CEE9-6F7D-4EE2-A4A9-7654B82F3AFD}.Release|x86.ActiveCfg = Release|Any CPU
		{81A6CEE9-6F7D-4EE2-A4A9-7654B82F3AFD}.Release|x86.Build.0 = Release|Any CPU
		{9A30BE51-4F89-4D4E-A0A1-A1549BA4707C}.Debug|Any CPU.ActiveCfg = Debug|Any CPU
		{9A30BE51-4F89-4D4E-A0A1-A1549BA4707C}.Debug|Any CPU.Build.0 = Debug|Any CPU
		{9A30BE51-4F89-4D4E-A0A1-A1549BA4707C}.Debug|x64.ActiveCfg = Debug|Any CPU
		{9A30BE51-4F89-4D4E-A0A1-A1549BA4707C}.Debug|x64.Build.0 = Debug|Any CPU
		{9A30BE51-4F89-4D4E-A0A1-A1549BA4707C}.Debug|x86.ActiveCfg = Debug|Any CPU
		{9A30BE51-4F89-4D4E-A0A1-A1549BA4707C}.Debug|x86.Build.0 = Debug|Any CPU
		{9A30BE51-4F89-4D4E-A0A1-A1549BA4707C}.Release|Any CPU.ActiveCfg = Release|Any CPU
		{9A30BE51-4F89-4D4E-A0A1-A1549BA4707C}.Release|Any CPU.Build.0 = Release|Any CPU
		{9A30BE51-4F89-4D4E-A0A1-A1549BA4707C}.Release|x64.ActiveCfg = Release|Any CPU
		{9A30BE51-4F89-4D4E-A0A1-A1549BA4707C}.Release|x64.Build.0 = Release|Any CPU
		{9A30BE51-4F89-4D4E-A0A1-A1549BA4707C}.Release|x86.ActiveCfg = Release|Any CPU
		{9A30BE51-4F89-4D4E-A0A1-A1549BA4707C}.Release|x86.Build.0 = Release|Any CPU
		{5B7357F1-F3DB-4B7E-ADE8-1D4CCA09373D}.Debug|Any CPU.ActiveCfg = Debug|Any CPU
		{5B7357F1-F3DB-4B7E-ADE8-1D4CCA09373D}.Debug|Any CPU.Build.0 = Debug|Any CPU
		{5B7357F1-F3DB-4B7E-ADE8-1D4CCA09373D}.Debug|x64.ActiveCfg = Debug|Any CPU
		{5B7357F1-F3DB-4B7E-ADE8-1D4CCA09373D}.Debug|x64.Build.0 = Debug|Any CPU
		{5B7357F1-F3DB-4B7E-ADE8-1D4CCA09373D}.Debug|x86.ActiveCfg = Debug|Any CPU
		{5B7357F1-F3DB-4B7E-ADE8-1D4CCA09373D}.Debug|x86.Build.0 = Debug|Any CPU
		{5B7357F1-F3DB-4B7E-ADE8-1D4CCA09373D}.Release|Any CPU.ActiveCfg = Release|Any CPU
		{5B7357F1-F3DB-4B7E-ADE8-1D4CCA09373D}.Release|Any CPU.Build.0 = Release|Any CPU
		{5B7357F1-F3DB-4B7E-ADE8-1D4CCA09373D}.Release|x64.ActiveCfg = Release|Any CPU
		{5B7357F1-F3DB-4B7E-ADE8-1D4CCA09373D}.Release|x64.Build.0 = Release|Any CPU
		{5B7357F1-F3DB-4B7E-ADE8-1D4CCA09373D}.Release|x86.ActiveCfg = Release|Any CPU
		{5B7357F1-F3DB-4B7E-ADE8-1D4CCA09373D}.Release|x86.Build.0 = Release|Any CPU
	EndGlobalSection
	GlobalSection(SolutionProperties) = preSolution
		HideSolutionNode = FALSE
	EndGlobalSection
	GlobalSection(ExtensibilityGlobals) = postSolution
		SolutionGuid = {86D5AA81-7473-4B1D-B5C7-F7600AA6B940}
	EndGlobalSection
EndGlobal
